
Microsoft Visual Studio Solution File, Format Version 12.00
# Visual Studio Version 17
VisualStudioVersion = 17.1.32228.430
MinimumVisualStudioVersion = 10.0.40219.1
Project("{9A19103F-16F7-4668-BE54-9A1E7A4F7556}") = "MinimalAPI", "MinimalAPI\MinimalAPI.csproj", "{2DF207DB-7ECD-4CEE-81C6-9C22AFD16F4F}"
EndProject
Project("{00D1A9C2-B5F0-4AF3-8072-F6C62B433612}") = "UserDB", "UserDB\UserDB.sqlproj", "{9793DB03-5B70-4C2E-9133-1C2A11AEFBA4}"
EndProject
Project("{FAE04EC0-301F-11D3-BF4B-00C04F79EFBC}") = "DataAccess", "DataAccess\DataAccess.csproj", "{1EEFA9FF-138C-45F3-8700-02961F90E5B3}"
EndProject
Project("{2150E333-8FDC-42A3-9474-1A3956D46DE8}") = "Solution Items", "Solution Items", "{9EDD0FEB-F9D5-4B3B-A942-F2413ADDA979}"
	ProjectSection(SolutionItems) = preProject
		.editorconfig = .editorconfig
	EndProjectSection
EndProject
Global
	GlobalSection(SolutionConfigurationPlatforms) = preSolution
		Debug|Any CPU = Debug|Any CPU
		Release|Any CPU = Release|Any CPU
	EndGlobalSection
	GlobalSection(ProjectConfigurationPlatforms) = postSolution
		{2DF207DB-7ECD-4CEE-81C6-9C22AFD16F4F}.Debug|Any CPU.ActiveCfg = Debug|Any CPU
		{2DF207DB-7ECD-4CEE-81C6-9C22AFD16F4F}.Debug|Any CPU.Build.0 = Debug|Any CPU
		{2DF207DB-7ECD-4CEE-81C6-9C22AFD16F4F}.Release|Any CPU.ActiveCfg = Release|Any CPU
		{2DF207DB-7ECD-4CEE-81C6-9C22AFD16F4F}.Release|Any CPU.Build.0 = Release|Any CPU
		{9793DB03-5B70-4C2E-9133-1C2A11AEFBA4}.Debug|Any CPU.ActiveCfg = Debug|Any CPU
		{9793DB03-5B70-4C2E-9133-1C2A11AEFBA4}.Debug|Any CPU.Build.0 = Debug|Any CPU
		{9793DB03-5B70-4C2E-9133-1C2A11AEFBA4}.Debug|Any CPU.Deploy.0 = Debug|Any CPU
		{9793DB03-5B70-4C2E-9133-1C2A11AEFBA4}.Release|Any CPU.ActiveCfg = Release|Any CPU
		{9793DB03-5B70-4C2E-9133-1C2A11AEFBA4}.Release|Any CPU.Build.0 = Release|Any CPU
		{9793DB03-5B70-4C2E-9133-1C2A11AEFBA4}.Release|Any CPU.Deploy.0 = Release|Any CPU
		{1EEFA9FF-138C-45F3-8700-02961F90E5B3}.Debug|Any CPU.ActiveCfg = Debug|Any CPU
		{1EEFA9FF-138C-45F3-8700-02961F90E5B3}.Debug|Any CPU.Build.0 = Debug|Any CPU
		{1EEFA9FF-138C-45F3-8700-02961F90E5B3}.Release|Any CPU.ActiveCfg = Release|Any CPU
		{1EEFA9FF-138C-45F3-8700-02961F90E5B3}.Release|Any CPU.Build.0 = Release|Any CPU
	EndGlobalSection
	GlobalSection(SolutionProperties) = preSolution
		HideSolutionNode = FALSE
	EndGlobalSection
	GlobalSection(ExtensibilityGlobals) = postSolution
		SolutionGuid = {E39BD800-6186-4430-834E-B39B4EE99168}
	EndGlobalSection
EndGlobal
